
Microsoft Visual Studio Solution File, Format Version 12.00
# Visual Studio Version 16
VisualStudioVersion = 16.0.29806.167
MinimumVisualStudioVersion = 10.0.40219.1
Project("{8BC9CEB8-8B4A-11D0-8D11-00A0C91BC942}") = "Macaulish", "Macaulish.vcxproj", "{8B407316-C910-4686-8FB4-A68D7A6D9BCE}"
EndProject
Global
	GlobalSection(SolutionConfigurationPlatforms) = preSolution
		Debug|x64 = Debug|x64
		Debug|x86 = Debug|x86
		Release|x64 = Release|x64
		Release|x86 = Release|x86
	EndGlobalSection
	GlobalSection(ProjectConfigurationPlatforms) = postSolution
		{8B407316-C910-4686-8FB4-A68D7A6D9BCE}.Debug|x64.ActiveCfg = Debug|x64
		{8B407316-C910-4686-8FB4-A68D7A6D9BCE}.Debug|x64.Build.0 = Debug|x64
		{8B407316-C910-4686-8FB4-A68D7A6D9BCE}.Debug|x86.ActiveCfg = Debug|Win32
		{8B407316-C910-4686-8FB4-A68D7A6D9BCE}.Debug|x86.Build.0 = Debug|Win32
		{8B407316-C910-4686-8FB4-A68D7A6D9BCE}.Release|x64.ActiveCfg = Release|x64
		{8B407316-C910-4686-8FB4-A68D7A6D9BCE}.Release|x64.Build.0 = Release|x64
		{8B407316-C910-4686-8FB4-A68D7A6D9BCE}.Release|x86.ActiveCfg = Release|Win32
		{8B407316-C910-4686-8FB4-A68D7A6D9BCE}.Release|x86.Build.0 = Release|Win32
	EndGlobalSection
	GlobalSection(SolutionProperties) = preSolution
		HideSolutionNode = FALSE
	EndGlobalSection
	GlobalSection(ExtensibilityGlobals) = postSolution
		SolutionGuid = {E0AADA76-6CF3-4762-B81D-DBAA88D1F34B}
	EndGlobalSection
EndGlobal
