<?xml version="1.0" encoding="utf-8"?>
<Project ToolsVersion="4.0" xmlns="http://schemas.microsoft.com/developer/msbuild/2003">
  <ItemGroup>
    <Filter Include="源文件">
      <UniqueIdentifier>{4FC737F1-C7A5-4376-A066-2A32D752A2FF}</UniqueIdentifier>
      <Extensions>cpp;c;cc;cxx;def;odl;idl;hpj;bat;asm;asmx</Extensions>
    </Filter>
    <Filter Include="头文件">
      <UniqueIdentifier>{93995380-89BD-4b04-88EB-625FBE52EBFB}</UniqueIdentifier>
      <Extensions>h;hh;hpp;hxx;hm;inl;inc;ipp;xsd</Extensions>
    </Filter>
    <Filter Include="资源文件">
      <UniqueIdentifier>{67DA6AB6-F800-4c08-8B7A-83BB121AAD01}</UniqueIdentifier>
      <Extensions>rc;ico;cur;bmp;dlg;rc2;rct;bin;rgs;gif;jpg;jpeg;jpe;resx;tiff;tif;png;wav;mfcribbon-ms</Extensions>
    </Filter>
    <Filter Include="资源文件\shaders">
      <UniqueIdentifier>{eff10c7f-ac48-41c2-8175-633aeaca3543}</UniqueIdentifier>
    </Filter>
    <Filter Include="头文件\Engine">
      <UniqueIdentifier>{a2de1fe3-05bd-42ac-a998-516f716ac167}</UniqueIdentifier>
    </Filter>
    <Filter Include="头文件\Drawable">
      <UniqueIdentifier>{f3975e69-511c-4d87-9b6b-d27845d2b302}</UniqueIdentifier>
    </Filter>
    <Filter Include="源文件\Engine">
      <UniqueIdentifier>{ea17eeb4-8282-4dbd-bfc0-f6e900b3bfb2}</UniqueIdentifier>
    </Filter>
    <Filter Include="源文件\Drawable">
      <UniqueIdentifier>{2805ec8a-b490-47ca-8fe5-4e8ac43b4fa5}</UniqueIdentifier>
    </Filter>
    <Filter Include="源文件\imgui">
      <UniqueIdentifier>{77a27e5d-78bd-4ed7-b6d1-6f1f9652d3ec}</UniqueIdentifier>
    </Filter>
    <Filter Include="源文件\Compile">
      <UniqueIdentifier>{a4fc83f8-776b-4dc1-895c-6640f5efce0f}</UniqueIdentifier>
    </Filter>
  </ItemGroup>
  <ItemGroup>
    <None Include="shaders\clouds_post.frag">
      <Filter>资源文件\shaders</Filter>
    </None>
    <None Include="shaders\copyFrame.frag">
      <Filter>资源文件\shaders</Filter>
    </None>
    <None Include="shaders\perlinworley.comp">
      <Filter>资源文件\shaders</Filter>
    </None>
    <None Include="shaders\post_processing.frag">
      <Filter>资源文件\shaders</Filter>
    </None>
    <None Include="shaders\screen.vert">
      <Filter>资源文件\shaders</Filter>
    </None>
    <None Include="shaders\sky.frag">
      <Filter>资源文件\shaders</Filter>
    </None>
    <None Include="shaders\skyboxVert.vert">
      <Filter>资源文件\shaders</Filter>
    </None>
    <None Include="shaders\terrain.frag">
      <Filter>资源文件\shaders</Filter>
    </None>
    <None Include="shaders\terrain.tcs">
      <Filter>资源文件\shaders</Filter>
    </None>
    <None Include="shaders\terrain.tes">
      <Filter>资源文件\shaders</Filter>
    </None>
    <None Include="shaders\terrain.vert">
      <Filter>资源文件\shaders</Filter>
    </None>
    <None Include="shaders\textShader.frag">
      <Filter>资源文件\shaders</Filter>
    </None>
    <None Include="shaders\textShader.vert">
      <Filter>资源文件\shaders</Filter>
    </None>
    <None Include="shaders\visualizeFbo.frag">
      <Filter>资源文件\shaders</Filter>
    </None>
    <None Include="shaders\volumetric_clouds.comp">
      <Filter>资源文件\shaders</Filter>
    </None>
    <None Include="shaders\water.frag">
      <Filter>资源文件\shaders</Filter>
    </None>
    <None Include="shaders\water.vert">
      <Filter>资源文件\shaders</Filter>
    </None>
    <None Include="shaders\weather.comp">
      <Filter>资源文件\shaders</Filter>
    </None>
    <None Include="shaders\worley.comp">
      <Filter>资源文件\shaders</Filter>
    </None>
    <None Include="shaders\model.frag">
      <Filter>资源文件\shaders</Filter>
    </None>
    <None Include="shaders\model.vert">
      <Filter>资源文件\shaders</Filter>
    </None>
    <None Include="shaders\skybox.frag">
      <Filter>资源文件\shaders</Filter>
    </None>
    <None Include="shaders\skybox.vert">
      <Filter>资源文件\shaders</Filter>
    </None>
    <None Include="packages.config" />
    <None Include=".gitignore" />
  </ItemGroup>
  <ItemGroup>
    <ClInclude Include="Engine\BaseShader.h">
      <Filter>头文件\Engine</Filter>
    </ClInclude>
    <ClInclude Include="Engine\buffers.h">
      <Filter>头文件\Engine</Filter>
    </ClInclude>
    <ClInclude Include="Engine\glError.h">
      <Filter>头文件\Engine</Filter>
    </ClInclude>
    <ClInclude Include="Engine\ScreenSpaceShader.h">
      <Filter>头文件\Engine</Filter>
    </ClInclude>
    <ClInclude Include="Engine\shader.h">
      <Filter>头文件\Engine</Filter>
    </ClInclude>
    <ClInclude Include="Engine\texture.h">
      <Filter>头文件\Engine</Filter>
    </ClInclude>
    <ClInclude Include="Engine\utils.h">
      <Filter>头文件\Engine</Filter>
    </ClInclude>
    <ClInclude Include="Engine\Window.h">
      <Filter>头文件\Engine</Filter>
    </ClInclude>
    <ClInclude Include="Drawable\CloudsModel.h">
      <Filter>头文件\Drawable</Filter>
    </ClInclude>
    <ClInclude Include="Drawable\drawableObject.h">
      <Filter>头文件\Drawable</Filter>
    </ClInclude>
    <ClInclude Include="Drawable\GUI.h">
      <Filter>头文件\Drawable</Filter>
    </ClInclude>
    <ClInclude Include="Drawable\sceneElements.h">
      <Filter>头文件\Drawable</Filter>
    </ClInclude>
    <ClInclude Include="Drawable\Skybox.h">
      <Filter>头文件\Drawable</Filter>
    </ClInclude>
    <ClInclude Include="Drawable\Terrain.h">
      <Filter>头文件\Drawable</Filter>
    </ClInclude>
    <ClInclude Include="Drawable\VolumetricClouds.h">
      <Filter>头文件\Drawable</Filter>
    </ClInclude>
    <ClInclude Include="Drawable\Water.h">
      <Filter>头文件\Drawable</Filter>
    </ClInclude>
    <ClInclude Include="include\camera.h">
      <Filter>头文件</Filter>
    </ClInclude>
    <ClInclude Include="include\mesh.h">
      <Filter>头文件</Filter>
    </ClInclude>
    <ClInclude Include="include\model.h">
      <Filter>头文件</Filter>
    </ClInclude>
  </ItemGroup>
  <ItemGroup>
    <ClCompile Include="Engine\BaseShader.cpp">
      <Filter>源文件\Engine</Filter>
    </ClCompile>
    <ClCompile Include="Engine\buffers.cpp">
      <Filter>源文件\Engine</Filter>
    </ClCompile>
    <ClCompile Include="Engine\glError.cpp">
      <Filter>源文件\Engine</Filter>
    </ClCompile>
    <ClCompile Include="Engine\ScreenSpaceShader.cpp">
      <Filter>源文件\Engine</Filter>
    </ClCompile>
    <ClCompile Include="Engine\shader.cpp">
      <Filter>源文件\Engine</Filter>
    </ClCompile>
    <ClCompile Include="Engine\texture.cpp">
      <Filter>源文件\Engine</Filter>
    </ClCompile>
    <ClCompile Include="Engine\utils.cpp">
      <Filter>源文件\Engine</Filter>
    </ClCompile>
    <ClCompile Include="Engine\Window.cpp">
      <Filter>源文件\Engine</Filter>
    </ClCompile>
    <ClCompile Include="Drawable\CloudsModel.cpp">
      <Filter>源文件\Drawable</Filter>
    </ClCompile>
    <ClCompile Include="Drawable\drawableObject.cpp">
      <Filter>源文件\Drawable</Filter>
    </ClCompile>
    <ClCompile Include="Drawable\GUI.cpp">
      <Filter>源文件\Drawable</Filter>
    </ClCompile>
    <ClCompile Include="Drawable\Skybox.cpp">
      <Filter>源文件\Drawable</Filter>
    </ClCompile>
    <ClCompile Include="Drawable\Terrain.cpp">
      <Filter>源文件\Drawable</Filter>
    </ClCompile>
    <ClCompile Include="Drawable\VolumetricClouds.cpp">
      <Filter>源文件\Drawable</Filter>
    </ClCompile>
    <ClCompile Include="Drawable\Water.cpp">
      <Filter>源文件\Drawable</Filter>
    </ClCompile>
    <ClCompile Include="Main.cpp">
      <Filter>源文件</Filter>
    </ClCompile>
    <ClCompile Include="imgui\imgui.cpp">
      <Filter>源文件\imgui</Filter>
    </ClCompile>
    <ClCompile Include="imgui\imgui_demo.cpp">
      <Filter>源文件\imgui</Filter>
    </ClCompile>
    <ClCompile Include="imgui\imgui_draw.cpp">
      <Filter>源文件\imgui</Filter>
    </ClCompile>
    <ClCompile Include="imgui\imgui_impl_glfw.cpp">
      <Filter>源文件\imgui</Filter>
    </ClCompile>
    <ClCompile Include="imgui\imgui_impl_opengl3.cpp">
      <Filter>源文件\imgui</Filter>
    </ClCompile>
    <ClCompile Include="imgui\imgui_widgets.cpp">
      <Filter>源文件\imgui</Filter>
    </ClCompile>
    <ClCompile Include="Compile\glad.c">
      <Filter>源文件\Compile</Filter>
    </ClCompile>
    <ClCompile Include="Compile\stb_image.cpp">
      <Filter>源文件\Compile</Filter>
    </ClCompile>
    <ClCompile Include="Compile\stb_image_write.cpp">
      <Filter>源文件\Compile</Filter>
    </ClCompile>
    <ClCompile Include="Demo.cpp">
      <Filter>源文件</Filter>
    </ClCompile>
  </ItemGroup>
</Project>